schema: '2.0'
stages:
  clean:
    cmd: uv run python scripts/clean.py
    deps:
    - path: data/raw/events.csv
      hash: md5
      md5: 431ff8b1e99f6c5ac0a423d9e37ac2a9
      size: 73240
    - path: scripts/clean.py
      hash: md5
      md5: a01880d73b712af776fa4310bc15acf7
      size: 1331
    outs:
    - path: data/clean/events.csv
      hash: md5
      md5: d986810950355d8516b5080622d1727c
      size: 12885
  transform:
    cmd: uv run python scripts/transform.py
    deps:
    - path: data/clean/events.csv
      hash: md5
      md5: d986810950355d8516b5080622d1727c
      size: 12885
    - path: scripts/transform.py
      hash: md5
      md5: 7e0dd823f81ead4b0934039e82789624
      size: 406
    outs:
    - path: data/transformed/events.csv
      hash: md5
      md5: f1757d846c46a460e8f2e1abfe06aca4
      size: 16828
  features:
    cmd: uv run python scripts/features.py
    deps:
    - path: data/transformed/events.csv
      hash: md5
      md5: f1757d846c46a460e8f2e1abfe06aca4
      size: 16828
    - path: scripts/features.py
      hash: md5
      md5: 4b090a3899b82df3a1bf1a09801a82f2
      size: 470
    outs:
    - path: data/features/events.csv
      hash: md5
      md5: fa99d6839c7ee2e2ed277fd31bec5392
      size: 24895
