schema: '2.0'
stages:
  clean:
    cmd: uv run python scripts/clean.py
    deps:
    - path: data/raw/events.csv
      hash: md5
      md5: 431ff8b1e99f6c5ac0a423d9e37ac2a9
      size: 73240
    - path: scripts/clean.py
      hash: md5
      md5: ea165005d5397489f7a89dd83c714bd6
      size: 1523
    outs:
    - path: data/clean/events.csv
      hash: md5
      md5: 2a71c0b0c5ef84bfc813a00e14c4ec6a
      size: 12316
  transform:
    cmd: uv run python scripts/transform.py
    deps:
    - path: data/clean/events.csv
      hash: md5
      md5: 2a71c0b0c5ef84bfc813a00e14c4ec6a
      size: 12316
    - path: scripts/transform.py
      hash: md5
      md5: 7e0dd823f81ead4b0934039e82789624
      size: 406
    outs:
    - path: data/transformed/events.csv
      hash: md5
      md5: 65ee5f1102dfe456a813090f375c3a99
      size: 16083
  features:
    cmd: uv run python scripts/features.py
    deps:
    - path: data/transformed/events.csv
      hash: md5
      md5: 65ee5f1102dfe456a813090f375c3a99
      size: 16083
    - path: scripts/features.py
      hash: md5
      md5: 4b090a3899b82df3a1bf1a09801a82f2
      size: 470
    outs:
    - path: data/features/events.csv
      hash: md5
      md5: c12314a86636ef7558416979d7989aee
      size: 23789
