schema: '2.0'
stages:
  clean:
    cmd: uv run python scripts/clean.py
    deps:
    - path: data/raw/events.csv
      hash: md5
      md5: 431ff8b1e99f6c5ac0a423d9e37ac2a9
      size: 73240
    - path: scripts/clean.py
      hash: md5
      md5: 20b1ab6d4f7bce4c2a76b7012f3050fe
      size: 1518
    outs:
    - path: data/clean/events.csv
      hash: md5
      md5: 73d118694fb5aaf3c069109647cb5afa
      size: 9735
  transform:
    cmd: uv run python scripts/transform.py
    deps:
    - path: data/clean/events.csv
      hash: md5
      md5: 73d118694fb5aaf3c069109647cb5afa
      size: 9735
    - path: scripts/transform.py
      hash: md5
      md5: 7e0dd823f81ead4b0934039e82789624
      size: 406
    outs:
    - path: data/transformed/events.csv
      hash: md5
      md5: d4e08cfe5fd270bda7059b8ab49d11bf
      size: 12765
  features:
    cmd: uv run python scripts/features.py
    deps:
    - path: data/transformed/events.csv
      hash: md5
      md5: d4e08cfe5fd270bda7059b8ab49d11bf
      size: 12765
    - path: scripts/features.py
      hash: md5
      md5: 4b090a3899b82df3a1bf1a09801a82f2
      size: 470
    outs:
    - path: data/features/events.csv
      hash: md5
      md5: eb7a64de2a459cb5c78c8e378be5d8e3
      size: 18900
